
Microsoft Visual Studio Solution File, Format Version 11.00
# Visual Studio 2010
Project("{FAE04EC0-301F-11D3-BF4B-00C04F79EFBC}") = "Clase6", "Assembly-CSharp.csproj", "{7D392BA4-A6F7-B8C8-2899-E47008F82F34}"
EndProject
Global
	GlobalSection(SolutionConfigurationPlatforms) = preSolution
		Debug|Any CPU = Debug|Any CPU
		Release|Any CPU = Release|Any CPU
	EndGlobalSection
	GlobalSection(ProjectConfigurationPlatforms) = postSolution
		{7D392BA4-A6F7-B8C8-2899-E47008F82F34}.Debug|Any CPU.ActiveCfg = Debug|Any CPU
		{7D392BA4-A6F7-B8C8-2899-E47008F82F34}.Debug|Any CPU.Build.0 = Debug|Any CPU
		{7D392BA4-A6F7-B8C8-2899-E47008F82F34}.Release|Any CPU.ActiveCfg = Release|Any CPU
		{7D392BA4-A6F7-B8C8-2899-E47008F82F34}.Release|Any CPU.Build.0 = Release|Any CPU
	EndGlobalSection
	GlobalSection(SolutionProperties) = preSolution
		HideSolutionNode = FALSE
	EndGlobalSection
	GlobalSection(MonoDevelopProperties) = preSolution
		StartupItem = Assembly-CSharp.csproj
	EndGlobalSection
EndGlobal
